<Solution>
  <Folder Name="/src/">
    <Project Path="src/EQLWikiEditorAssistant.App/EQLWikiEditorAssistant.App.csproj" />
    <Project Path="src/EQLWikiEditorAssistant.Capture/EQLWikiEditorAssistant.Capture.csproj" />
    <Project Path="src/EQLWikiEditorAssistant.Core/EQLWikiEditorAssistant.Core.csproj" />
    <Project Path="src/EQLWikiEditorAssistant.Ocr/EQLWikiEditorAssistant.Ocr.csproj" />
    <Project Path="src/EQLWikiEditorAssistant.Pipeline/EQLWikiEditorAssistant.Pipeline.csproj" />
    <Project Path="src/EQLWikiEditorAssistant.Wiki/EQLWikiEditorAssistant.Wiki.csproj" />
  </Folder>
  <Folder Name="/tests/">
    <Project Path="tests/EQLWikiEditorAssistant.Tests/EQLWikiEditorAssistant.Tests.csproj" />
  </Folder>
  <Folder Name="/tools/">
    <Project Path="tools/AccuracySpike/AccuracySpike.csproj" />
    <Project Path="tools/CaptureSpike/CaptureSpike.csproj" />
    <Project Path="tools/EQLWikiEditorAssistant.TestSupport/EQLWikiEditorAssistant.TestSupport.csproj" />
    <Project Path="tools/GlyphSpike/GlyphSpike.csproj" />
    <Project Path="tools/LocateSpike/LocateSpike.csproj" />
    <Project Path="tools/OcrSpike/OcrSpike.csproj" />
    <Project Path="tools/ParseSpike/ParseSpike.csproj" />
    <Project Path="tools/WikiSpike/WikiSpike.csproj" />
  </Folder>
</Solution>
